// !$*UTF8*$!
{
	archiveVersion = 1;
	classes = {
	};
	objectVersion = 77;
	objects = {

/* Begin PBXContainerItemProxy section */
		8D31E6E62EECB09D008C3C2C /* PBXContainerItemProxy */ = {
			isa = PBXContainerItemProxy;
			containerPortal = 8D31E6C72EECB098008C3C2C /* Project object */;
			proxyType = 1;
			remoteGlobalIDString = 8D31E6CE2EECB098008C3C2C;
			remoteInfo = CogniApp;
		};
		8D31E6F02EECB09D008C3C2C /* PBXContainerItemProxy */ = {
			isa = PBXContainerItemProxy;
			containerPortal = 8D31E6C72EECB098008C3C2C /* Project object */;
			proxyType = 1;
			remoteGlobalIDString = 8D31E6CE2EECB098008C3C2C;
			remoteInfo = CogniApp;
		};
/* End PBXContainerItemProxy section */

/* Begin PBXFileReference section */
		8D31E6CF2EECB098008C3C2C /* CogniApp.app */ = {isa = PBXFileReference; explicitFileType = wrapper.application; includeInIndex = 0; path = CogniApp.app; sourceTree = BUILT_PRODUCTS_DIR; };
		8D31E6E52EECB09D008C3C2C /* CogniAppTests.xctest */ = {isa = PBXFileReference; explicitFileType = wrapper.cfbundle; includeInIndex = 0; path = CogniAppTests.xctest; sourceTree = BUILT_PRODUCTS_DIR; };
		8D31E6EF2EECB09D008C3C2C /* CogniAppUITests.xctest */ = {isa = PBXFileReference; explicitFileType = wrapper.cfbundle; includeInIndex = 0; path = CogniAppUITests.xctest; sourceTree = BUILT_PRODUCTS_DIR; };
/* End PBXFileReference section */

/* Begin PBXFileSystemSynchronizedBuildFileExceptionSet section */
		8D31E6F72EECB09D008C3C2C /* Exceptions for "CogniApp" folder in "CogniApp" target */ = {
			isa = PBXFileSystemSynchronizedBuildFileExceptionSet;
			membershipExceptions = (
				Info.plist,
			);
			target = 8D31E6CE2EECB098008C3C2C /* CogniApp */;
		};
/* End PBXFileSystemSynchronizedBuildFileExceptionSet section */

/* Begin PBXFileSystemSynchronizedRootGroup section */
		8D31E6D12EECB098008C3C2C /* CogniApp */ = {
			isa = PBXFileSystemSynchronizedRootGroup;
			exceptions = (
				8D31E6F72EECB09D008C3C2C /* Exceptions for "CogniApp" folder in "CogniApp" target */,
			);
			path = CogniApp;
			sourceTree = "<group>";
		};
		8D31E6E82EECB09D008C3C2C /* CogniAppTests */ = {
			isa = PBXFileSystemSynchronizedRootGroup;
			path = CogniAppTests;
			sourceTree = "<group>";
		};
		8D31E6F22EECB09D008C3C2C /* CogniAppUITests */ = {
			isa = PBXFileSystemSynchronizedRootGroup;
			path = CogniAppUITests;
			sourceTree = "<group>";
		};
/* End PBXFileSystemSynchronizedRootGroup section */

/* Begin PBXFrameworksBuildPhase section */
		8D31E6CC2EECB098008C3C2C /* Frameworks */ = {
			isa = PBXFrameworksBuildPhase;
			buildActionMask = 2147483647;
			files = (
			);
			runOnlyForDeploymentPostprocessing = 0;
		};
		8D31E6E22EECB09D008C3C2C /* Frameworks */ = {
			isa = PBXFrameworksBuildPhase;
			buildActionMask = 2147483647;
			files = (
			);
			runOnlyForDeploymentPostprocessing = 0;
		};
		8D31E6EC2EECB09D008C3C2C /* Frameworks */ = {
			isa = PBXFrameworksBuildPhase;
			buildActionMask = 2147483647;
			files = (
			);
			runOnlyForDeploymentPostprocessing = 0;
		};
/* End PBXFrameworksBuildPhase section */

/* Begin PBXGroup section */
		8D31E6C62EECB098008C3C2C = {
			isa = PBXGroup;
			children = (
				8D31E6D12EECB098008C3C2C /* CogniApp */,
				8D31E6E82EECB09D008C3C2C /* CogniAppTests */,
				8D31E6F22EECB09D008C3C2C /* CogniAppUITests */,
				8D31E6D02EECB098008C3C2C /* Products */,
			);
			sourceTree = "<group>";
		};
		8D31E6D02EECB098008C3C2C /* Products */ = {
			isa = PBXGroup;
			children = (
				8D31E6CF2EECB098008C3C2C /* CogniApp.app */,
				8D31E6E52EECB09D008C3C2C /* CogniAppTests.xctest */,
				8D31E6EF2EECB09D008C3C2C /* CogniAppUITests.xctest */,
			);
			name = Products;
			sourceTree = "<group>";
		};
/* End PBXGroup section */

/* Begin PBXNativeTarget section */
		8D31E6CE2EECB098008C3C2C /* CogniApp */ = {
			isa = PBXNativeTarget;
			buildConfigurationList = 8D31E6F82EECB09D008C3C2C /* Build configuration list for PBXNativeTarget "CogniApp" */;
			buildPhases = (
				8D31E6CB2EECB098008C3C2C /* Sources */,
				8D31E6CC2EECB098008C3C2C /* Frameworks */,
				8D31E6CD2EECB098008C3C2C /* Resources */,
			);
			buildRules = (
			);
			dependencies = (
			);
			fileSystemSynchronizedGroups = (
				8D31E6D12EECB098008C3C2C /* CogniApp */,
			);
			name = CogniApp;
			packageProductDependencies = (
			);
			productName = CogniApp;
			productReference = 8D31E6CF2EECB098008C3C2C /* CogniApp.app */;
			productType = "com.apple.product-type.application";
		};
		8D31E6E42EECB09D008C3C2C /* CogniAppTests */ = {
			isa = PBXNativeTarget;
			buildConfigurationList = 8D31E6FD2EECB09D008C3C2C /* Build configuration list for PBXNativeTarget "CogniAppTests" */;
			buildPhases = (
				8D31E6E12EECB09D008C3C2C /* Sources */,
				8D31E6E22EECB09D008C3C2C /* Frameworks */,
				8D31E6E32EECB09D008C3C2C /* Resources */,
			);
			buildRules = (
			);
			dependencies = (
				8D31E6E72EECB09D008C3C2C /* PBXTargetDependency */,
			);
			fileSystemSynchronizedGroups = (
				8D31E6E82EECB09D008C3C2C /* CogniAppTests */,
			);
			name = CogniAppTests;
			packageProductDependencies = (
			);
			productName = CogniAppTests;
			productReference = 8D31E6E52EECB09D008C3C2C /* CogniAppTests.xctest */;
			productType = "com.apple.product-type.bundle.unit-test";
		};
		8D31E6EE2EECB09D008C3C2C /* CogniAppUITests */ = {
			isa = PBXNativeTarget;
			buildConfigurationList = 8D31E7002EECB09D008C3C2C /* Build configuration list for PBXNativeTarget "CogniAppUITests" */;
			buildPhases = (
				8D31E6EB2EECB09D008C3C2C /* Sources */,
				8D31E6EC2EECB09D008C3C2C /* Frameworks */,
				8D31E6ED2EECB09D008C3C2C /* Resources */,
			);
			buildRules = (
			);
			dependencies = (
				8D31E6F12EECB09D008C3C2C /* PBXTargetDependency */,
			);
			fileSystemSynchronizedGroups = (
				8D31E6F22EECB09D008C3C2C /* CogniAppUITests */,
			);
			name = CogniAppUITests;
			packageProductDependencies = (
			);
			productName = CogniAppUITests;
			productReference = 8D31E6EF2EECB09D008C3C2C /* CogniAppUITests.xctest */;
			productType = "com.apple.product-type.bundle.ui-testing";
		};
/* End PBXNativeTarget section */

/* Begin PBXProject section */
		8D31E6C72EECB098008C3C2C /* Project object */ = {
			isa = PBXProject;
			attributes = {
				BuildIndependentTargetsInParallel = 1;
				LastSwiftUpdateCheck = 1640;
				LastUpgradeCheck = 2620;
				TargetAttributes = {
					8D31E6CE2EECB098008C3C2C = {
						CreatedOnToolsVersion = 16.4;
					};
					8D31E6E42EECB09D008C3C2C = {
						CreatedOnToolsVersion = 16.4;
						TestTargetID = 8D31E6CE2EECB098008C3C2C;
					};
					8D31E6EE2EECB09D008C3C2C = {
						CreatedOnToolsVersion = 16.4;
						TestTargetID = 8D31E6CE2EECB098008C3C2C;
					};
				};
			};
			buildConfigurationList = 8D31E6CA2EECB098008C3C2C /* Build configuration list for PBXProject "CogniApp" */;
			developmentRegion = en;
			hasScannedForEncodings = 0;
			knownRegions = (
				en,
				Base,
			);
			mainGroup = 8D31E6C62EECB098008C3C2C;
			minimizedProjectReferenceProxies = 1;
			packageReferences = (
				DB5390782EEDA6E800C64457 /* XCRemoteSwiftPackageReference "firebase-ios-sdk" */,
			);
			preferredProjectObjectVersion = 77;
			productRefGroup = 8D31E6D02EECB098008C3C2C /* Products */;
			projectDirPath = "";
			projectRoot = "";
			targets = (
				8D31E6CE2EECB098008C3C2C /* CogniApp */,
				8D31E6E42EECB09D008C3C2C /* CogniAppTests */,
				8D31E6EE2EECB09D008C3C2C /* CogniAppUITests */,
			);
		};
/* End PBXProject section */

/* Begin PBXResourcesBuildPhase section */
		8D31E6CD2EECB098008C3C2C /* Resources */ = {
			isa = PBXResourcesBuildPhase;
			buildActionMask = 2147483647;
			files = (
			);
			runOnlyForDeploymentPostprocessing = 0;
		};
		8D31E6E32EECB09D008C3C2C /* Resources */ = {
			isa = PBXResourcesBuildPhase;
			buildActionMask = 2147483647;
			files = (
			);
			runOnlyForDeploymentPostprocessing = 0;
		};
		8D31E6ED2EECB09D008C3C2C /* Resources */ = {
			isa = PBXResourcesBuildPhase;
			buildActionMask = 2147483647;
			files = (
			);
			runOnlyForDeploymentPostprocessing = 0;
		};
/* End PBXResourcesBuildPhase section */

/* Begin PBXSourcesBuildPhase section */
		8D31E6CB2EECB098008C3C2C /* Sources */ = {
			isa = PBXSourcesBuildPhase;
			buildActionMask = 2147483647;
			files = (
			);
			runOnlyForDeploymentPostprocessing = 0;
		};
		8D31E6E12EECB09D008C3C2C /* Sources */ = {
			isa = PBXSourcesBuildPhase;
			buildActionMask = 2147483647;
			files = (
			);
			runOnlyForDeploymentPostprocessing = 0;
		};
		8D31E6EB2EECB09D008C3C2C /* Sources */ = {
			isa = PBXSourcesBuildPhase;
			buildActionMask = 2147483647;
			files = (
			);
			runOnlyForDeploymentPostprocessing = 0;
		};
/* End PBXSourcesBuildPhase section */

/* Begin PBXTargetDependency section */
		8D31E6E72EECB09D008C3C2C /* PBXTargetDependency */ = {
			isa = PBXTargetDependency;
			target = 8D31E6CE2EECB098008C3C2C /* CogniApp */;
			targetProxy = 8D31E6E62EECB09D008C3C2C /* PBXContainerItemProxy */;
		};
		8D31E6F12EECB09D008C3C2C /* PBXTargetDependency */ = {
			isa = PBXTargetDependency;
			target = 8D31E6CE2EECB098008C3C2C /* CogniApp */;
			targetProxy = 8D31E6F02EECB09D008C3C2C /* PBXContainerItemProxy */;
		};
/* End PBXTargetDependency section */

/* Begin XCBuildConfiguration section */
		8D31E6F92EECB09D008C3C2C /* Debug */ = {
			isa = XCBuildConfiguration;
			buildSettings = {
				ASSETCATALOG_COMPILER_APPICON_NAME = AppIcon;
				ASSETCATALOG_COMPILER_GLOBAL_ACCENT_COLOR_NAME = AccentColor;
				CODE_SIGN_STYLE = Automatic;
				CURRENT_PROJECT_VERSION = 1;
				DEVELOPMENT_TEAM = PTBZG2BRPC;
				GENERATE_INFOPLIST_FILE = YES;
				INFOPLIST_FILE = CogniApp/Info.plist;
				INFOPLIST_KEY_UIApplicationSupportsIndirectInputEvents = YES;
				INFOPLIST_KEY_UILaunchStoryboardName = LaunchScreen;
				INFOPLIST_KEY_UIMainStoryboardFile = Main;
				INFOPLIST_KEY_UISupportedInterfaceOrientations_iPad = "UIInterfaceOrientationPortrait UIInterfaceOrientationPortraitUpsideDown UIInterfaceOrientationLandscapeLeft UIInterfaceOrientationLandscapeRight";
				INFOPLIST_KEY_UISupportedInterfaceOrientations_iPhone = "UIInterfaceOrientationPortrait UIInterfaceOrientationLandscapeLeft UIInterfaceOrientationLandscapeRight";
				LD_RUNPATH_SEARCH_PATHS = (
					"$(inherited)",
					"@executable_path/Frameworks",
				);
				MARKETING_VERSION = 1.0;
				PRODUCT_BUNDLE_IDENTIFIER = com.dylan.CogniApp;
				PRODUCT_NAME = "$(TARGET_NAME)";
				SWIFT_EMIT_LOC_STRINGS = YES;
				SWIFT_VERSION = 5.0;
				TARGETED_DEVICE_FAMILY = "1,2";
			};
			name = Debug;
		};
		8D31E6FA2EECB09D008C3C2C /* Release */ = {
			isa = XCBuildConfiguration;
			buildSettings = {
				ASSETCATALOG_COMPILER_APPICON_NAME = AppIcon;
				ASSETCATALOG_COMPILER_GLOBAL_ACCENT_COLOR_NAME = AccentColor;
				CODE_SIGN_STYLE = Automatic;
				CURRENT_PROJECT_VERSION = 1;
				DEVELOPMENT_TEAM = PTBZG2BRPC;
				GENERATE_INFOPLIST_FILE = YES;
				INFOPLIST_FILE = CogniApp/Info.plist;
				INFOPLIST_KEY_UIApplicationSupportsIndirectInputEvents = YES;
				INFOPLIST_KEY_UILaunchStoryboardName = LaunchScreen;
				INFOPLIST_KEY_UIMainStoryboardFile = Main;
				INFOPLIST_KEY_UISupportedInterfaceOrientations_iPad = "UIInterfaceOrientationPortrait UIInterfaceOrientationPortraitUpsideDown UIInterfaceOrientationLandscapeLeft UIInterfaceOrientationLandscapeRight";
				INFOPLIST_KEY_UISupportedInterfaceOrientations_iPhone = "UIInterfaceOrientationPortrait UIInterfaceOrientationLandscapeLeft UIInterfaceOrientationLandscapeRight";
				LD_RUNPATH_SEARCH_PATHS = (
					"$(inherited)",
					"@executable_path/Frameworks",
				);
				MARKETING_VERSION = 1.0;
				PRODUCT_BUNDLE_IDENTIFIER = com.dylan.CogniApp;
				PRODUCT_NAME = "$(TARGET_NAME)";
				SWIFT_EMIT_LOC_STRINGS = YES;
				SWIFT_VERSION = 5.0;
				TARGETED_DEVICE_FAMILY = "1,2";
			};
			name = Release;
		};
		8D31E6FB2EECB09D008C3C2C /* Debug */ = {
			isa = XCBuildConfiguration;
			buildSettings = {
				ALWAYS_SEARCH_USER_PATHS = NO;
				ASSETCATALOG_COMPILER_GENERATE_SWIFT_ASSET_SYMBOL_EXTENSIONS = YES;
				CLANG_ANALYZER_NONNULL = YES;
				CLANG_ANALYZER_NUMBER_OBJECT_CONVERSION = YES_AGGRESSIVE;
				CLANG_CXX_LANGUAGE_STANDARD = "gnu++20";
				CLANG_ENABLE_MODULES = YES;
				CLANG_ENABLE_OBJC_ARC = YES;
				CLANG_ENABLE_OBJC_WEAK = YES;
				CLANG_WARN_BLOCK_CAPTURE_AUTORELEASING = YES;
				CLANG_WARN_BOOL_CONVERSION = YES;
				CLANG_WARN_COMMA = YES;
				CLANG_WARN_CONSTANT_CONVERSION = YES;
				CLANG_WARN_DEPRECATED_OBJC_IMPLEMENTATIONS = YES;
				CLANG_WARN_DIRECT_OBJC_ISA_USAGE = YES_ERROR;
				CLANG_WARN_DOCUMENTATION_COMMENTS = YES;
				CLANG_WARN_EMPTY_BODY = YES;
				CLANG_WARN_ENUM_CONVERSION = YES;
				CLANG_WARN_INFINITE_RECURSION = YES;
				CLANG_WARN_INT_CONVERSION = YES;
				CLANG_WARN_NON_LITERAL_NULL_CONVERSION = YES;
				CLANG_WARN_OBJC_IMPLICIT_RETAIN_SELF = YES;
				CLANG_WARN_OBJC_LITERAL_CONVERSION = YES;
				CLANG_WARN_OBJC_ROOT_CLASS = YES_ERROR;
				CLANG_WARN_QUOTED_INCLUDE_IN_FRAMEWORK_HEADER = YES;
				CLANG_WARN_RANGE_LOOP_ANALYSIS = YES;
				CLANG_WARN_STRICT_PROTOTYPES = YES;
				CLANG_WARN_SUSPICIOUS_MOVE = YES;
				CLANG_WARN_UNGUARDED_AVAILABILITY = YES_AGGRESSIVE;
				CLANG_WARN_UNREACHABLE_CODE = YES;
				CLANG_WARN__DUPLICATE_METHOD_MATCH = YES;
				COPY_PHASE_STRIP = NO;
				DEBUG_INFORMATION_FORMAT = dwarf;
				ENABLE_STRICT_OBJC_MSGSEND = YES;
				ENABLE_TESTABILITY = YES;
				ENABLE_USER_SCRIPT_SANDBOXING = YES;
				GCC_C_LANGUAGE_STANDARD = gnu17;
				GCC_DYNAMIC_NO_PIC = NO;
				GCC_NO_COMMON_BLOCKS = YES;
				GCC_OPTIMIZATION_LEVEL = 0;
				GCC_PREPROCESSOR_DEFINITIONS = (
					"DEBUG=1",
					"$(inherited)",
				);
				GCC_WARN_64_TO_32_BIT_CONVERSION = YES;
				GCC_WARN_ABOUT_RETURN_TYPE = YES_ERROR;
				GCC_WARN_UNDECLARED_SELECTOR = YES;
				GCC_WARN_UNINITIALIZED_AUTOS = YES_AGGRESSIVE;
				GCC_WARN_UNUSED_FUNCTION = YES;
				GCC_WARN_UNUSED_VARIABLE = YES;
				IPHONEOS_DEPLOYMENT_TARGET = 18.5;
				LOCALIZATION_PREFERS_STRING_CATALOGS = YES;
				MTL_ENABLE_DEBUG_INFO = INCLUDE_SOURCE;
				MTL_FAST_MATH = YES;
				ONLY_ACTIVE_ARCH = YES;
				SDKROOT = iphoneos;
				STRING_CATALOG_GENERATE_SYMBOLS = YES;
				SWIFT_ACTIVE_COMPILATION_CONDITIONS = "DEBUG $(inherited)";
				SWIFT_OPTIMIZATION_LEVEL = "-Onone";
			};
			name = Debug;
		};
		8D31E6FC2EECB09D008C3C2C /* Release */ = {
			isa = XCBuildConfiguration;
			buildSettings = {
				ALWAYS_SEARCH_USER_PATHS = NO;
				ASSETCATALOG_COMPILER_GENERATE_SWIFT_ASSET_SYMBOL_EXTENSIONS = YES;
				CLANG_ANALYZER_NONNULL = YES;
				CLANG_ANALYZER_NUMBER_OBJECT_CONVERSION = YES_AGGRESSIVE;
				CLANG_CXX_LANGUAGE_STANDARD = "gnu++20";
				CLANG_ENABLE_MODULES = YES;
				CLANG_ENABLE_OBJC_ARC = YES;
				CLANG_ENABLE_OBJC_WEAK = YES;
				CLANG_WARN_BLOCK_CAPTURE_AUTORELEASING = YES;
				CLANG_WARN_BOOL_CONVERSION = YES;
				CLANG_WARN_COMMA = YES;
				CLANG_WARN_CONSTANT_CONVERSION = YES;
				CLANG_WARN_DEPRECATED_OBJC_IMPLEMENTATIONS = YES;
				CLANG_WARN_DIRECT_OBJC_ISA_USAGE = YES_ERROR;
				CLANG_WARN_DOCUMENTATION_COMMENTS = YES;
				CLANG_WARN_EMPTY_BODY = YES;
				CLANG_WARN_ENUM_CONVERSION = YES;
				CLANG_WARN_INFINITE_RECURSION = YES;
				CLANG_WARN_INT_CONVERSION = YES;
				CLANG_WARN_NON_LITERAL_NULL_CONVERSION = YES;
				CLANG_WARN_OBJC_IMPLICIT_RETAIN_SELF = YES;
				CLANG_WARN_OBJC_LITERAL_CONVERSION = YES;
				CLANG_WARN_OBJC_ROOT_CLASS = YES_ERROR;
				CLANG_WARN_QUOTED_INCLUDE_IN_FRAMEWORK_HEADER = YES;
				CLANG_WARN_RANGE_LOOP_ANALYSIS = YES;
				CLANG_WARN_STRICT_PROTOTYPES = YES;
				CLANG_WARN_SUSPICIOUS_MOVE = YES;
				CLANG_WARN_UNGUARDED_AVAILABILITY = YES_AGGRESSIVE;
				CLANG_WARN_UNREACHABLE_CODE = YES;
				CLANG_WARN__DUPLICATE_METHOD_MATCH = YES;
				COPY_PHASE_STRIP = NO;
				DEBUG_INFORMATION_FORMAT = "dwarf-with-dsym";
				ENABLE_NS_ASSERTIONS = NO;
				ENABLE_STRICT_OBJC_MSGSEND = YES;
				ENABLE_USER_SCRIPT_SANDBOXING = YES;
				GCC_C_LANGUAGE_STANDARD = gnu17;
				GCC_NO_COMMON_BLOCKS = YES;
				GCC_WARN_64_TO_32_BIT_CONVERSION = YES;
				GCC_WARN_ABOUT_RETURN_TYPE = YES_ERROR;
				GCC_WARN_UNDECLARED_SELECTOR = YES;
				GCC_WARN_UNINITIALIZED_AUTOS = YES_AGGRESSIVE;
				GCC_WARN_UNUSED_FUNCTION = YES;
				GCC_WARN_UNUSED_VARIABLE = YES;
				IPHONEOS_DEPLOYMENT_TARGET = 18.5;
				LOCALIZATION_PREFERS_STRING_CATALOGS = YES;
				MTL_ENABLE_DEBUG_INFO = NO;
				MTL_FAST_MATH = YES;
				SDKROOT = iphoneos;
				STRING_CATALOG_GENERATE_SYMBOLS = YES;
				SWIFT_COMPILATION_MODE = wholemodule;
				VALIDATE_PRODUCT = YES;
			};
			name = Release;
		};
		8D31E6FE2EECB09D008C3C2C /* Debug */ = {
			isa = XCBuildConfiguration;
			buildSettings = {
				BUNDLE_LOADER = "$(TEST_HOST)";
				CODE_SIGN_STYLE = Automatic;
				CURRENT_PROJECT_VERSION = 1;
				GENERATE_INFOPLIST_FILE = YES;
				IPHONEOS_DEPLOYMENT_TARGET = 18.5;
				MARKETING_VERSION = 1.0;
				PRODUCT_BUNDLE_IDENTIFIER = com.dylan.CogniAppTests;
				PRODUCT_NAME = "$(TARGET_NAME)";
				SWIFT_EMIT_LOC_STRINGS = NO;
				SWIFT_VERSION = 5.0;
				TARGETED_DEVICE_FAMILY = "1,2";
				TEST_HOST = "$(BUILT_PRODUCTS_DIR)/CogniApp.app/$(BUNDLE_EXECUTABLE_FOLDER_PATH)/CogniApp";
			};
			name = Debug;
		};
		8D31E6FF2EECB09D008C3C2C /* Release */ = {
			isa = XCBuildConfiguration;
			buildSettings = {
				BUNDLE_LOADER = "$(TEST_HOST)";
				CODE_SIGN_STYLE = Automatic;
				CURRENT_PROJECT_VERSION = 1;
				GENERATE_INFOPLIST_FILE = YES;
				IPHONEOS_DEPLOYMENT_TARGET = 18.5;
				MARKETING_VERSION = 1.0;
				PRODUCT_BUNDLE_IDENTIFIER = com.dylan.CogniAppTests;
				PRODUCT_NAME = "$(TARGET_NAME)";
				SWIFT_EMIT_LOC_STRINGS = NO;
				SWIFT_VERSION = 5.0;
				TARGETED_DEVICE_FAMILY = "1,2";
				TEST_HOST = "$(BUILT_PRODUCTS_DIR)/CogniApp.app/$(BUNDLE_EXECUTABLE_FOLDER_PATH)/CogniApp";
			};
			name = Release;
		};
		8D31E7012EECB09D008C3C2C /* Debug */ = {
			isa = XCBuildConfiguration;
			buildSettings = {
				CODE_SIGN_STYLE = Automatic;
				CURRENT_PROJECT_VERSION = 1;
				GENERATE_INFOPLIST_FILE = YES;
				MARKETING_VERSION = 1.0;
				PRODUCT_BUNDLE_IDENTIFIER = com.dylan.CogniAppUITests;
				PRODUCT_NAME = "$(TARGET_NAME)";
				SWIFT_EMIT_LOC_STRINGS = NO;
				SWIFT_VERSION = 5.0;
				TARGETED_DEVICE_FAMILY = "1,2";
				TEST_TARGET_NAME = CogniApp;
			};
			name = Debug;
		};
		8D31E7022EECB09D008C3C2C /* Release */ = {
			isa = XCBuildConfiguration;
			buildSettings = {
				CODE_SIGN_STYLE = Automatic;
				CURRENT_PROJECT_VERSION = 1;
				GENERATE_INFOPLIST_FILE = YES;
				MARKETING_VERSION = 1.0;
				PRODUCT_BUNDLE_IDENTIFIER = com.dylan.CogniAppUITests;
				PRODUCT_NAME = "$(TARGET_NAME)";
				SWIFT_EMIT_LOC_STRINGS = NO;
				SWIFT_VERSION = 5.0;
				TARGETED_DEVICE_FAMILY = "1,2";
				TEST_TARGET_NAME = CogniApp;
			};
			name = Release;
		};
/* End XCBuildConfiguration section */

/* Begin XCConfigurationList section */
		8D31E6CA2EECB098008C3C2C /* Build configuration list for PBXProject "CogniApp" */ = {
			isa = XCConfigurationList;
			buildConfigurations = (
				8D31E6FB2EECB09D008C3C2C /* Debug */,
				8D31E6FC2EECB09D008C3C2C /* Release */,
			);
			defaultConfigurationIsVisible = 0;
			defaultConfigurationName = Release;
		};
		8D31E6F82EECB09D008C3C2C /* Build configuration list for PBXNativeTarget "CogniApp" */ = {
			isa = XCConfigurationList;
			buildConfigurations = (
				8D31E6F92EECB09D008C3C2C /* Debug */,
				8D31E6FA2EECB09D008C3C2C /* Release */,
			);
			defaultConfigurationIsVisible = 0;
			defaultConfigurationName = Release;
		};
		8D31E6FD2EECB09D008C3C2C /* Build configuration list for PBXNativeTarget "CogniAppTests" */ = {
			isa = XCConfigurationList;
			buildConfigurations = (
				8D31E6FE2EECB09D008C3C2C /* Debug */,
				8D31E6FF2EECB09D008C3C2C /* Release */,
			);
			defaultConfigurationIsVisible = 0;
			defaultConfigurationName = Release;
		};
		8D31E7002EECB09D008C3C2C /* Build configuration list for PBXNativeTarget "CogniAppUITests" */ = {
			isa = XCConfigurationList;
			buildConfigurations = (
				8D31E7012EECB09D008C3C2C /* Debug */,
				8D31E7022EECB09D008C3C2C /* Release */,
			);
			defaultConfigurationIsVisible = 0;
			defaultConfigurationName = Release;
		};
/* End XCConfigurationList section */

/* Begin XCRemoteSwiftPackageReference section */
		DB5390782EEDA6E800C64457 /* XCRemoteSwiftPackageReference "firebase-ios-sdk" */ = {
			isa = XCRemoteSwiftPackageReference;
			repositoryURL = "https://github.com/firebase/firebase-ios-sdk";
			requirement = {
				kind = upToNextMajorVersion;
				minimumVersion = 12.7.0;
			};
		};
/* End XCRemoteSwiftPackageReference section */
	};
	rootObject = 8D31E6C72EECB098008C3C2C /* Project object */;
}
